// !$*UTF8*$!
{
	archiveVersion = 1;
	classes = {
	};
	objectVersion = 55;
	objects = {

/* Begin PBXBuildFile section */
		5116A7E557C2E736DFDA53F0 /* Pods_project_99.framework in Frameworks */ = {isa = PBXBuildFile; fileRef = C9513C54497AD86A08D7E801 /* Pods_project_99.framework */; };
		CD88AF5D28D2F0B200EFCBBB /* AppDelegate.swift in Sources */ = {isa = PBXBuildFile; fileRef = CD88AF5C28D2F0B200EFCBBB /* AppDelegate.swift */; };
		CD88AF5F28D2F0B200EFCBBB /* SceneDelegate.swift in Sources */ = {isa = PBXBuildFile; fileRef = CD88AF5E28D2F0B200EFCBBB /* SceneDelegate.swift */; };
		CD88AF6128D2F0B200EFCBBB /* LoginViewController.swift in Sources */ = {isa = PBXBuildFile; fileRef = CD88AF6028D2F0B200EFCBBB /* LoginViewController.swift */; };
		CD88AF6628D2F0B400EFCBBB /* Assets.xcassets in Resources */ = {isa = PBXBuildFile; fileRef = CD88AF6528D2F0B400EFCBBB /* Assets.xcassets */; };
		CD88AF6928D2F0B400EFCBBB /* LaunchScreen.storyboard in Resources */ = {isa = PBXBuildFile; fileRef = CD88AF6728D2F0B400EFCBBB /* LaunchScreen.storyboard */; };
		CD88AF7628D306FB00EFCBBB /* User.swift in Sources */ = {isa = PBXBuildFile; fileRef = CD88AF7528D306FB00EFCBBB /* User.swift */; };
		CD88AF7828D307BA00EFCBBB /* UserSettings.swift in Sources */ = {isa = PBXBuildFile; fileRef = CD88AF7728D307BA00EFCBBB /* UserSettings.swift */; };
		CD88AF7B28D308EF00EFCBBB /* Theme.swift in Sources */ = {isa = PBXBuildFile; fileRef = CD88AF7A28D308EF00EFCBBB /* Theme.swift */; };
		CD88AF7D28D30BAC00EFCBBB /* UserGamesStats.swift in Sources */ = {isa = PBXBuildFile; fileRef = CD88AF7C28D30BAC00EFCBBB /* UserGamesStats.swift */; };
		CD88AF8328D30F9600EFCBBB /* Levels.swift in Sources */ = {isa = PBXBuildFile; fileRef = CD88AF8228D30F9600EFCBBB /* Levels.swift */; };
		CD88AF8F28D3252D00EFCBBB /* LoginViewModel.swift in Sources */ = {isa = PBXBuildFile; fileRef = CD88AF8E28D3252D00EFCBBB /* LoginViewModel.swift */; };
		CD88AF9128D3254500EFCBBB /* LoginView.swift in Sources */ = {isa = PBXBuildFile; fileRef = CD88AF9028D3254500EFCBBB /* LoginView.swift */; };
/* End PBXBuildFile section */

/* Begin PBXFileReference section */
		C9513C54497AD86A08D7E801 /* Pods_project_99.framework */ = {isa = PBXFileReference; explicitFileType = wrapper.framework; includeInIndex = 0; path = Pods_project_99.framework; sourceTree = BUILT_PRODUCTS_DIR; };
		CD88AF5928D2F0B200EFCBBB /* project-99.app */ = {isa = PBXFileReference; explicitFileType = wrapper.application; includeInIndex = 0; path = "project-99.app"; sourceTree = BUILT_PRODUCTS_DIR; };
		CD88AF5C28D2F0B200EFCBBB /* AppDelegate.swift */ = {isa = PBXFileReference; lastKnownFileType = sourcecode.swift; path = AppDelegate.swift; sourceTree = "<group>"; };
		CD88AF5E28D2F0B200EFCBBB /* SceneDelegate.swift */ = {isa = PBXFileReference; lastKnownFileType = sourcecode.swift; path = SceneDelegate.swift; sourceTree = "<group>"; };
		CD88AF6028D2F0B200EFCBBB /* LoginViewController.swift */ = {isa = PBXFileReference; lastKnownFileType = sourcecode.swift; path = LoginViewController.swift; sourceTree = "<group>"; };
		CD88AF6528D2F0B400EFCBBB /* Assets.xcassets */ = {isa = PBXFileReference; lastKnownFileType = folder.assetcatalog; path = Assets.xcassets; sourceTree = "<group>"; };
		CD88AF6828D2F0B400EFCBBB /* Base */ = {isa = PBXFileReference; lastKnownFileType = file.storyboard; name = Base; path = Base.lproj/LaunchScreen.storyboard; sourceTree = "<group>"; };
		CD88AF6A28D2F0B400EFCBBB /* Info.plist */ = {isa = PBXFileReference; lastKnownFileType = text.plist.xml; path = Info.plist; sourceTree = "<group>"; };
		CD88AF7528D306FB00EFCBBB /* User.swift */ = {isa = PBXFileReference; lastKnownFileType = sourcecode.swift; path = User.swift; sourceTree = "<group>"; };
		CD88AF7728D307BA00EFCBBB /* UserSettings.swift */ = {isa = PBXFileReference; lastKnownFileType = sourcecode.swift; path = UserSettings.swift; sourceTree = "<group>"; };
		CD88AF7A28D308EF00EFCBBB /* Theme.swift */ = {isa = PBXFileReference; lastKnownFileType = sourcecode.swift; path = Theme.swift; sourceTree = "<group>"; };
		CD88AF7C28D30BAC00EFCBBB /* UserGamesStats.swift */ = {isa = PBXFileReference; lastKnownFileType = sourcecode.swift; path = UserGamesStats.swift; sourceTree = "<group>"; };
		CD88AF8228D30F9600EFCBBB /* Levels.swift */ = {isa = PBXFileReference; lastKnownFileType = sourcecode.swift; path = Levels.swift; sourceTree = "<group>"; };
		CD88AF8E28D3252D00EFCBBB /* LoginViewModel.swift */ = {isa = PBXFileReference; lastKnownFileType = sourcecode.swift; path = LoginViewModel.swift; sourceTree = "<group>"; };
		CD88AF9028D3254500EFCBBB /* LoginView.swift */ = {isa = PBXFileReference; lastKnownFileType = sourcecode.swift; path = LoginView.swift; sourceTree = "<group>"; };
		E9ED53374000A43727DB32F3 /* Pods-project-99.release.xcconfig */ = {isa = PBXFileReference; includeInIndex = 1; lastKnownFileType = text.xcconfig; name = "Pods-project-99.release.xcconfig"; path = "Target Support Files/Pods-project-99/Pods-project-99.release.xcconfig"; sourceTree = "<group>"; };
		EE006DE768882589EA85F5B5 /* Pods-project-99.debug.xcconfig */ = {isa = PBXFileReference; includeInIndex = 1; lastKnownFileType = text.xcconfig; name = "Pods-project-99.debug.xcconfig"; path = "Target Support Files/Pods-project-99/Pods-project-99.debug.xcconfig"; sourceTree = "<group>"; };
/* End PBXFileReference section */

/* Begin PBXFrameworksBuildPhase section */
		CD88AF5628D2F0B200EFCBBB /* Frameworks */ = {
			isa = PBXFrameworksBuildPhase;
			buildActionMask = 2147483647;
			files = (
				5116A7E557C2E736DFDA53F0 /* Pods_project_99.framework in Frameworks */,
			);
			runOnlyForDeploymentPostprocessing = 0;
		};
/* End PBXFrameworksBuildPhase section */

/* Begin PBXGroup section */
		B4209A8B582402D603D1DC62 /* Pods */ = {
			isa = PBXGroup;
			children = (
				EE006DE768882589EA85F5B5 /* Pods-project-99.debug.xcconfig */,
				E9ED53374000A43727DB32F3 /* Pods-project-99.release.xcconfig */,
			);
			path = Pods;
			sourceTree = "<group>";
		};
		CD88AF5028D2F0B200EFCBBB = {
			isa = PBXGroup;
			children = (
				CD88AF5B28D2F0B200EFCBBB /* project-99 */,
				CD88AF5A28D2F0B200EFCBBB /* Products */,
				B4209A8B582402D603D1DC62 /* Pods */,
				EB75619A2A5DAE8CA72D994E /* Frameworks */,
			);
			sourceTree = "<group>";
		};
		CD88AF5A28D2F0B200EFCBBB /* Products */ = {
			isa = PBXGroup;
			children = (
				CD88AF5928D2F0B200EFCBBB /* project-99.app */,
			);
			name = Products;
			sourceTree = "<group>";
		};
		CD88AF5B28D2F0B200EFCBBB /* project-99 */ = {
			isa = PBXGroup;
			children = (
				CD88AF8928D316C000EFCBBB /* Utils */,
				CD88AF7928D308DD00EFCBBB /* Enums */,
				CD88AF7428D306E500EFCBBB /* Views */,
				CD88AF7328D306DE00EFCBBB /* ViewModels */,
				CD88AF7228D306D500EFCBBB /* ViewControllers */,
				CD88AF7128D306CA00EFCBBB /* Models */,
				CD88AF5C28D2F0B200EFCBBB /* AppDelegate.swift */,
				CD88AF5E28D2F0B200EFCBBB /* SceneDelegate.swift */,
				CD88AF6528D2F0B400EFCBBB /* Assets.xcassets */,
				CD88AF6728D2F0B400EFCBBB /* LaunchScreen.storyboard */,
				CD88AF6A28D2F0B400EFCBBB /* Info.plist */,
			);
			path = "project-99";
			sourceTree = "<group>";
		};
		CD88AF7128D306CA00EFCBBB /* Models */ = {
			isa = PBXGroup;
			children = (
				CD88AF7528D306FB00EFCBBB /* User.swift */,
				CD88AF7728D307BA00EFCBBB /* UserSettings.swift */,
				CD88AF7C28D30BAC00EFCBBB /* UserGamesStats.swift */,
			);
			path = Models;
			sourceTree = "<group>";
		};
		CD88AF7228D306D500EFCBBB /* ViewControllers */ = {
			isa = PBXGroup;
			children = (
				CD88AF6028D2F0B200EFCBBB /* LoginViewController.swift */,
			);
			path = ViewControllers;
			sourceTree = "<group>";
		};
		CD88AF7328D306DE00EFCBBB /* ViewModels */ = {
			isa = PBXGroup;
			children = (
				CD88AF8E28D3252D00EFCBBB /* LoginViewModel.swift */,
			);
			path = ViewModels;
			sourceTree = "<group>";
		};
		CD88AF7428D306E500EFCBBB /* Views */ = {
			isa = PBXGroup;
			children = (
				CD88AF9028D3254500EFCBBB /* LoginView.swift */,
			);
			path = Views;
			sourceTree = "<group>";
		};
		CD88AF7928D308DD00EFCBBB /* Enums */ = {
			isa = PBXGroup;
			children = (
				CD88AF7A28D308EF00EFCBBB /* Theme.swift */,
				CD88AF8228D30F9600EFCBBB /* Levels.swift */,
			);
			path = Enums;
			sourceTree = "<group>";
		};
		CD88AF8928D316C000EFCBBB /* Utils */ = {
			isa = PBXGroup;
			children = (
			);
			path = Utils;
			sourceTree = "<group>";
		};
		EB75619A2A5DAE8CA72D994E /* Frameworks */ = {
			isa = PBXGroup;
			children = (
				C9513C54497AD86A08D7E801 /* Pods_project_99.framework */,
			);
			name = Frameworks;
			sourceTree = "<group>";
		};
/* End PBXGroup section */

/* Begin PBXNativeTarget section */
		CD88AF5828D2F0B200EFCBBB /* project-99 */ = {
			isa = PBXNativeTarget;
			buildConfigurationList = CD88AF6D28D2F0B400EFCBBB /* Build configuration list for PBXNativeTarget "project-99" */;
			buildPhases = (
				6F5F820C39DC7DE06631DD51 /* [CP] Check Pods Manifest.lock */,
				CD88AF5528D2F0B200EFCBBB /* Sources */,
				CD88AF5628D2F0B200EFCBBB /* Frameworks */,
				CD88AF5728D2F0B200EFCBBB /* Resources */,
				CD88AF7028D2F30800EFCBBB /* Lint Source */,
				A5941F71422B7EC970084AC8 /* [CP] Embed Pods Frameworks */,
			);
			buildRules = (
			);
			dependencies = (
			);
			name = "project-99";
			productName = "project-99";
			productReference = CD88AF5928D2F0B200EFCBBB /* project-99.app */;
			productType = "com.apple.product-type.application";
		};
/* End PBXNativeTarget section */

/* Begin PBXProject section */
		CD88AF5128D2F0B200EFCBBB /* Project object */ = {
			isa = PBXProject;
			attributes = {
				BuildIndependentTargetsInParallel = 1;
				LastSwiftUpdateCheck = 1330;
				LastUpgradeCheck = 1330;
				TargetAttributes = {
					CD88AF5828D2F0B200EFCBBB = {
						CreatedOnToolsVersion = 13.3.1;
					};
				};
			};
			buildConfigurationList = CD88AF5428D2F0B200EFCBBB /* Build configuration list for PBXProject "project-99" */;
			compatibilityVersion = "Xcode 13.0";
			developmentRegion = en;
			hasScannedForEncodings = 0;
			knownRegions = (
				en,
				Base,
			);
			mainGroup = CD88AF5028D2F0B200EFCBBB;
			productRefGroup = CD88AF5A28D2F0B200EFCBBB /* Products */;
			projectDirPath = "";
			projectRoot = "";
			targets = (
				CD88AF5828D2F0B200EFCBBB /* project-99 */,
			);
		};
/* End PBXProject section */

/* Begin PBXResourcesBuildPhase section */
		CD88AF5728D2F0B200EFCBBB /* Resources */ = {
			isa = PBXResourcesBuildPhase;
			buildActionMask = 2147483647;
			files = (
				CD88AF6928D2F0B400EFCBBB /* LaunchScreen.storyboard in Resources */,
				CD88AF6628D2F0B400EFCBBB /* Assets.xcassets in Resources */,
			);
			runOnlyForDeploymentPostprocessing = 0;
		};
/* End PBXResourcesBuildPhase section */

/* Begin PBXShellScriptBuildPhase section */
		6F5F820C39DC7DE06631DD51 /* [CP] Check Pods Manifest.lock */ = {
			isa = PBXShellScriptBuildPhase;
			buildActionMask = 2147483647;
			files = (
			);
			inputFileListPaths = (
			);
			inputPaths = (
				"${PODS_PODFILE_DIR_PATH}/Podfile.lock",
				"${PODS_ROOT}/Manifest.lock",
			);
			name = "[CP] Check Pods Manifest.lock";
			outputFileListPaths = (
			);
			outputPaths = (
				"$(DERIVED_FILE_DIR)/Pods-project-99-checkManifestLockResult.txt",
			);
			runOnlyForDeploymentPostprocessing = 0;
			shellPath = /bin/sh;
			shellScript = "diff \"${PODS_PODFILE_DIR_PATH}/Podfile.lock\" \"${PODS_ROOT}/Manifest.lock\" > /dev/null\nif [ $? != 0 ] ; then\n    # print error to STDERR\n    echo \"error: The sandbox is not in sync with the Podfile.lock. Run 'pod install' or update your CocoaPods installation.\" >&2\n    exit 1\nfi\n# This output is used by Xcode 'outputs' to avoid re-running this script phase.\necho \"SUCCESS\" > \"${SCRIPT_OUTPUT_FILE_0}\"\n";
			showEnvVarsInLog = 0;
		};
		A5941F71422B7EC970084AC8 /* [CP] Embed Pods Frameworks */ = {
			isa = PBXShellScriptBuildPhase;
			buildActionMask = 2147483647;
			files = (
			);
			inputFileListPaths = (
				"${PODS_ROOT}/Target Support Files/Pods-project-99/Pods-project-99-frameworks-${CONFIGURATION}-input-files.xcfilelist",
			);
			name = "[CP] Embed Pods Frameworks";
			outputFileListPaths = (
				"${PODS_ROOT}/Target Support Files/Pods-project-99/Pods-project-99-frameworks-${CONFIGURATION}-output-files.xcfilelist",
			);
			runOnlyForDeploymentPostprocessing = 0;
			shellPath = /bin/sh;
			shellScript = "\"${PODS_ROOT}/Target Support Files/Pods-project-99/Pods-project-99-frameworks.sh\"\n";
			showEnvVarsInLog = 0;
		};
		CD88AF7028D2F30800EFCBBB /* Lint Source */ = {
			isa = PBXShellScriptBuildPhase;
			buildActionMask = 2147483647;
			files = (
			);
			inputFileListPaths = (
			);
			inputPaths = (
			);
			name = "Lint Source";
			outputFileListPaths = (
			);
			outputPaths = (
			);
			runOnlyForDeploymentPostprocessing = 0;
			shellPath = /bin/sh;
			shellScript = "if which swiftlint >/dev/null; then\n    swiftlint lint\nelse\n   echo \"warning: SwiftLint not installed\"\nfi \n";
		};
/* End PBXShellScriptBuildPhase section */

/* Begin PBXSourcesBuildPhase section */
		CD88AF5528D2F0B200EFCBBB /* Sources */ = {
			isa = PBXSourcesBuildPhase;
			buildActionMask = 2147483647;
			files = (
				CD88AF8328D30F9600EFCBBB /* Levels.swift in Sources */,
				CD88AF7628D306FB00EFCBBB /* User.swift in Sources */,
				CD88AF6128D2F0B200EFCBBB /* LoginViewController.swift in Sources */,
				CD88AF5D28D2F0B200EFCBBB /* AppDelegate.swift in Sources */,
				CD88AF7B28D308EF00EFCBBB /* Theme.swift in Sources */,
				CD88AF7828D307BA00EFCBBB /* UserSettings.swift in Sources */,
				CD88AF5F28D2F0B200EFCBBB /* SceneDelegate.swift in Sources */,
				CD88AF7D28D30BAC00EFCBBB /* UserGamesStats.swift in Sources */,
				CD88AF9128D3254500EFCBBB /* LoginView.swift in Sources */,
				CD88AF8F28D3252D00EFCBBB /* LoginViewModel.swift in Sources */,
			);
			runOnlyForDeploymentPostprocessing = 0;
		};
/* End PBXSourcesBuildPhase section */

/* Begin PBXVariantGroup section */
		CD88AF6728D2F0B400EFCBBB /* LaunchScreen.storyboard */ = {
			isa = PBXVariantGroup;
			children = (
				CD88AF6828D2F0B400EFCBBB /* Base */,
			);
			name = LaunchScreen.storyboard;
			sourceTree = "<group>";
		};
/* End PBXVariantGroup section */

/* Begin XCBuildConfiguration section */
		CD88AF6B28D2F0B400EFCBBB /* Debug */ = {
			isa = XCBuildConfiguration;
			buildSettings = {
				ALWAYS_SEARCH_USER_PATHS = NO;
				CLANG_ANALYZER_NONNULL = YES;
				CLANG_ANALYZER_NUMBER_OBJECT_CONVERSION = YES_AGGRESSIVE;
				CLANG_CXX_LANGUAGE_STANDARD = "gnu++17";
				CLANG_ENABLE_MODULES = YES;
				CLANG_ENABLE_OBJC_ARC = YES;
				CLANG_ENABLE_OBJC_WEAK = YES;
				CLANG_WARN_BLOCK_CAPTURE_AUTORELEASING = YES;
				CLANG_WARN_BOOL_CONVERSION = YES;
				CLANG_WARN_COMMA = YES;
				CLANG_WARN_CONSTANT_CONVERSION = YES;
				CLANG_WARN_DEPRECATED_OBJC_IMPLEMENTATIONS = YES;
				CLANG_WARN_DIRECT_OBJC_ISA_USAGE = YES_ERROR;
				CLANG_WARN_DOCUMENTATION_COMMENTS = YES;
				CLANG_WARN_EMPTY_BODY = YES;
				CLANG_WARN_ENUM_CONVERSION = YES;
				CLANG_WARN_INFINITE_RECURSION = YES;
				CLANG_WARN_INT_CONVERSION = YES;
				CLANG_WARN_NON_LITERAL_NULL_CONVERSION = YES;
				CLANG_WARN_OBJC_IMPLICIT_RETAIN_SELF = YES;
				CLANG_WARN_OBJC_LITERAL_CONVERSION = YES;
				CLANG_WARN_OBJC_ROOT_CLASS = YES_ERROR;
				CLANG_WARN_QUOTED_INCLUDE_IN_FRAMEWORK_HEADER = YES;
				CLANG_WARN_RANGE_LOOP_ANALYSIS = YES;
				CLANG_WARN_STRICT_PROTOTYPES = YES;
				CLANG_WARN_SUSPICIOUS_MOVE = YES;
				CLANG_WARN_UNGUARDED_AVAILABILITY = YES_AGGRESSIVE;
				CLANG_WARN_UNREACHABLE_CODE = YES;
				CLANG_WARN__DUPLICATE_METHOD_MATCH = YES;
				COPY_PHASE_STRIP = NO;
				DEBUG_INFORMATION_FORMAT = dwarf;
				ENABLE_STRICT_OBJC_MSGSEND = YES;
				ENABLE_TESTABILITY = YES;
				GCC_C_LANGUAGE_STANDARD = gnu11;
				GCC_DYNAMIC_NO_PIC = NO;
				GCC_NO_COMMON_BLOCKS = YES;
				GCC_OPTIMIZATION_LEVEL = 0;
				GCC_PREPROCESSOR_DEFINITIONS = (
					"DEBUG=1",
					"$(inherited)",
				);
				GCC_WARN_64_TO_32_BIT_CONVERSION = YES;
				GCC_WARN_ABOUT_RETURN_TYPE = YES_ERROR;
				GCC_WARN_UNDECLARED_SELECTOR = YES;
				GCC_WARN_UNINITIALIZED_AUTOS = YES_AGGRESSIVE;
				GCC_WARN_UNUSED_FUNCTION = YES;
				GCC_WARN_UNUSED_VARIABLE = YES;
				IPHONEOS_DEPLOYMENT_TARGET = 15.4;
				MTL_ENABLE_DEBUG_INFO = INCLUDE_SOURCE;
				MTL_FAST_MATH = YES;
				ONLY_ACTIVE_ARCH = YES;
				SDKROOT = iphoneos;
				SWIFT_ACTIVE_COMPILATION_CONDITIONS = DEBUG;
				SWIFT_OPTIMIZATION_LEVEL = "-Onone";
			};
			name = Debug;
		};
		CD88AF6C28D2F0B400EFCBBB /* Release */ = {
			isa = XCBuildConfiguration;
			buildSettings = {
				ALWAYS_SEARCH_USER_PATHS = NO;
				CLANG_ANALYZER_NONNULL = YES;
				CLANG_ANALYZER_NUMBER_OBJECT_CONVERSION = YES_AGGRESSIVE;
				CLANG_CXX_LANGUAGE_STANDARD = "gnu++17";
				CLANG_ENABLE_MODULES = YES;
				CLANG_ENABLE_OBJC_ARC = YES;
				CLANG_ENABLE_OBJC_WEAK = YES;
				CLANG_WARN_BLOCK_CAPTURE_AUTORELEASING = YES;
				CLANG_WARN_BOOL_CONVERSION = YES;
				CLANG_WARN_COMMA = YES;
				CLANG_WARN_CONSTANT_CONVERSION = YES;
				CLANG_WARN_DEPRECATED_OBJC_IMPLEMENTATIONS = YES;
				CLANG_WARN_DIRECT_OBJC_ISA_USAGE = YES_ERROR;
				CLANG_WARN_DOCUMENTATION_COMMENTS = YES;
				CLANG_WARN_EMPTY_BODY = YES;
				CLANG_WARN_ENUM_CONVERSION = YES;
				CLANG_WARN_INFINITE_RECURSION = YES;
				CLANG_WARN_INT_CONVERSION = YES;
				CLANG_WARN_NON_LITERAL_NULL_CONVERSION = YES;
				CLANG_WARN_OBJC_IMPLICIT_RETAIN_SELF = YES;
				CLANG_WARN_OBJC_LITERAL_CONVERSION = YES;
				CLANG_WARN_OBJC_ROOT_CLASS = YES_ERROR;
				CLANG_WARN_QUOTED_INCLUDE_IN_FRAMEWORK_HEADER = YES;
				CLANG_WARN_RANGE_LOOP_ANALYSIS = YES;
				CLANG_WARN_STRICT_PROTOTYPES = YES;
				CLANG_WARN_SUSPICIOUS_MOVE = YES;
				CLANG_WARN_UNGUARDED_AVAILABILITY = YES_AGGRESSIVE;
				CLANG_WARN_UNREACHABLE_CODE = YES;
				CLANG_WARN__DUPLICATE_METHOD_MATCH = YES;
				COPY_PHASE_STRIP = NO;
				DEBUG_INFORMATION_FORMAT = "dwarf-with-dsym";
				ENABLE_NS_ASSERTIONS = NO;
				ENABLE_STRICT_OBJC_MSGSEND = YES;
				GCC_C_LANGUAGE_STANDARD = gnu11;
				GCC_NO_COMMON_BLOCKS = YES;
				GCC_WARN_64_TO_32_BIT_CONVERSION = YES;
				GCC_WARN_ABOUT_RETURN_TYPE = YES_ERROR;
				GCC_WARN_UNDECLARED_SELECTOR = YES;
				GCC_WARN_UNINITIALIZED_AUTOS = YES_AGGRESSIVE;
				GCC_WARN_UNUSED_FUNCTION = YES;
				GCC_WARN_UNUSED_VARIABLE = YES;
				IPHONEOS_DEPLOYMENT_TARGET = 15.4;
				MTL_ENABLE_DEBUG_INFO = NO;
				MTL_FAST_MATH = YES;
				SDKROOT = iphoneos;
				SWIFT_COMPILATION_MODE = wholemodule;
				SWIFT_OPTIMIZATION_LEVEL = "-O";
				VALIDATE_PRODUCT = YES;
			};
			name = Release;
		};
		CD88AF6E28D2F0B400EFCBBB /* Debug */ = {
			isa = XCBuildConfiguration;
			baseConfigurationReference = EE006DE768882589EA85F5B5 /* Pods-project-99.debug.xcconfig */;
			buildSettings = {
				ASSETCATALOG_COMPILER_APPICON_NAME = AppIcon;
				ASSETCATALOG_COMPILER_GLOBAL_ACCENT_COLOR_NAME = AccentColor;
				CODE_SIGN_STYLE = Automatic;
				CURRENT_PROJECT_VERSION = 1;
				DEVELOPMENT_TEAM = Y2ZMF37QVQ;
				GENERATE_INFOPLIST_FILE = YES;
				INFOPLIST_FILE = "project-99/Info.plist";
				INFOPLIST_KEY_UIApplicationSupportsIndirectInputEvents = YES;
				INFOPLIST_KEY_UILaunchStoryboardName = LaunchScreen;
				INFOPLIST_KEY_UISupportedInterfaceOrientations_iPad = "UIInterfaceOrientationPortrait UIInterfaceOrientationPortraitUpsideDown UIInterfaceOrientationLandscapeLeft UIInterfaceOrientationLandscapeRight";
				INFOPLIST_KEY_UISupportedInterfaceOrientations_iPhone = "UIInterfaceOrientationPortrait UIInterfaceOrientationLandscapeLeft UIInterfaceOrientationLandscapeRight";
				LD_RUNPATH_SEARCH_PATHS = (
					"$(inherited)",
					"@executable_path/Frameworks",
				);
				MARKETING_VERSION = 1.0;
				PRODUCT_BUNDLE_IDENTIFIER = "com.myorganization.project-99";
				PRODUCT_NAME = "$(TARGET_NAME)";
				SWIFT_EMIT_LOC_STRINGS = YES;
				SWIFT_VERSION = 5.0;
				TARGETED_DEVICE_FAMILY = "1,2";
			};
			name = Debug;
		};
		CD88AF6F28D2F0B400EFCBBB /* Release */ = {
			isa = XCBuildConfiguration;
			baseConfigurationReference = E9ED53374000A43727DB32F3 /* Pods-project-99.release.xcconfig */;
			buildSettings = {
				ASSETCATALOG_COMPILER_APPICON_NAME = AppIcon;
				ASSETCATALOG_COMPILER_GLOBAL_ACCENT_COLOR_NAME = AccentColor;
				CODE_SIGN_STYLE = Automatic;
				CURRENT_PROJECT_VERSION = 1;
				DEVELOPMENT_TEAM = Y2ZMF37QVQ;
				GENERATE_INFOPLIST_FILE = YES;
				INFOPLIST_FILE = "project-99/Info.plist";
				INFOPLIST_KEY_UIApplicationSupportsIndirectInputEvents = YES;
				INFOPLIST_KEY_UILaunchStoryboardName = LaunchScreen;
				INFOPLIST_KEY_UISupportedInterfaceOrientations_iPad = "UIInterfaceOrientationPortrait UIInterfaceOrientationPortraitUpsideDown UIInterfaceOrientationLandscapeLeft UIInterfaceOrientationLandscapeRight";
				INFOPLIST_KEY_UISupportedInterfaceOrientations_iPhone = "UIInterfaceOrientationPortrait UIInterfaceOrientationLandscapeLeft UIInterfaceOrientationLandscapeRight";
				LD_RUNPATH_SEARCH_PATHS = (
					"$(inherited)",
					"@executable_path/Frameworks",
				);
				MARKETING_VERSION = 1.0;
				PRODUCT_BUNDLE_IDENTIFIER = "com.myorganization.project-99";
				PRODUCT_NAME = "$(TARGET_NAME)";
				SWIFT_EMIT_LOC_STRINGS = YES;
				SWIFT_VERSION = 5.0;
				TARGETED_DEVICE_FAMILY = "1,2";
			};
			name = Release;
		};
/* End XCBuildConfiguration section */

/* Begin XCConfigurationList section */
		CD88AF5428D2F0B200EFCBBB /* Build configuration list for PBXProject "project-99" */ = {
			isa = XCConfigurationList;
			buildConfigurations = (
				CD88AF6B28D2F0B400EFCBBB /* Debug */,
				CD88AF6C28D2F0B400EFCBBB /* Release */,
			);
			defaultConfigurationIsVisible = 0;
			defaultConfigurationName = Release;
		};
		CD88AF6D28D2F0B400EFCBBB /* Build configuration list for PBXNativeTarget "project-99" */ = {
			isa = XCConfigurationList;
			buildConfigurations = (
				CD88AF6E28D2F0B400EFCBBB /* Debug */,
				CD88AF6F28D2F0B400EFCBBB /* Release */,
			);
			defaultConfigurationIsVisible = 0;
			defaultConfigurationName = Release;
		};
/* End XCConfigurationList section */
	};
	rootObject = CD88AF5128D2F0B200EFCBBB /* Project object */;
}
