// !$*UTF8*$!
{
	archiveVersion = 1;
	classes = {
	};
	objectVersion = 55;
	objects = {

/* Begin PBXBuildFile section */
		5116A7E557C2E736DFDA53F0 /* Pods_project_99.framework in Frameworks */ = {isa = PBXBuildFile; fileRef = C9513C54497AD86A08D7E801 /* Pods_project_99.framework */; };
		CD88AF5D28D2F0B200EFCBBB /* AppDelegate.swift in Sources */ = {isa = PBXBuildFile; fileRef = CD88AF5C28D2F0B200EFCBBB /* AppDelegate.swift */; };
		CD88AF5F28D2F0B200EFCBBB /* SceneDelegate.swift in Sources */ = {isa = PBXBuildFile; fileRef = CD88AF5E28D2F0B200EFCBBB /* SceneDelegate.swift */; };
		CD88AF6128D2F0B200EFCBBB /* LoginViewController.swift in Sources */ = {isa = PBXBuildFile; fileRef = CD88AF6028D2F0B200EFCBBB /* LoginViewController.swift */; };
		CD88AF6628D2F0B400EFCBBB /* Assets.xcassets in Resources */ = {isa = PBXBuildFile; fileRef = CD88AF6528D2F0B400EFCBBB /* Assets.xcassets */; };
		CD88AF6928D2F0B400EFCBBB /* LaunchScreen.storyboard in Resources */ = {isa = PBXBuildFile; fileRef = CD88AF6728D2F0B400EFCBBB /* LaunchScreen.storyboard */; };
		CD88AF7628D306FB00EFCBBB /* User.swift in Sources */ = {isa = PBXBuildFile; fileRef = CD88AF7528D306FB00EFCBBB /* User.swift */; };
		CD88AF7828D307BA00EFCBBB /* UserSettings.swift in Sources */ = {isa = PBXBuildFile; fileRef = CD88AF7728D307BA00EFCBBB /* UserSettings.swift */; };
		CD88AF7B28D308EF00EFCBBB /* Theme.swift in Sources */ = {isa = PBXBuildFile; fileRef = CD88AF7A28D308EF00EFCBBB /* Theme.swift */; };
		CD88AF7D28D30BAC00EFCBBB /* UserGamesStats.swift in Sources */ = {isa = PBXBuildFile; fileRef = CD88AF7C28D30BAC00EFCBBB /* UserGamesStats.swift */; };
		CD88AF8328D30F9600EFCBBB /* Levels.swift in Sources */ = {isa = PBXBuildFile; fileRef = CD88AF8228D30F9600EFCBBB /* Levels.swift */; };
		CD88AF8F28D3252D00EFCBBB /* LoginViewModel.swift in Sources */ = {isa = PBXBuildFile; fileRef = CD88AF8E28D3252D00EFCBBB /* LoginViewModel.swift */; };
		CD88AF9128D3254500EFCBBB /* LoginView.swift in Sources */ = {isa = PBXBuildFile; fileRef = CD88AF9028D3254500EFCBBB /* LoginView.swift */; };
		CD88AF9428D450D300EFCBBB /* RealmDataService.swift in Sources */ = {isa = PBXBuildFile; fileRef = CD88AF9328D450D300EFCBBB /* RealmDataService.swift */; };
		CD88AF9628D4510300EFCBBB /* FileManager+Extension.swift in Sources */ = {isa = PBXBuildFile; fileRef = CD88AF9528D4510300EFCBBB /* FileManager+Extension.swift */; };
		CD88AF9828D466E500EFCBBB /* MainMenuViewController.swift in Sources */ = {isa = PBXBuildFile; fileRef = CD88AF9728D466E500EFCBBB /* MainMenuViewController.swift */; };
		CD88AF9A28D4677F00EFCBBB /* LoginViewDelegate.swift in Sources */ = {isa = PBXBuildFile; fileRef = CD88AF9928D4677F00EFCBBB /* LoginViewDelegate.swift */; };
		CD88AF9D28D46C7A00EFCBBB /* MainMenuViewModel.swift in Sources */ = {isa = PBXBuildFile; fileRef = CD88AF9C28D46C7A00EFCBBB /* MainMenuViewModel.swift */; };
		CD88AF9F28D46C9200EFCBBB /* MainMenuView.swift in Sources */ = {isa = PBXBuildFile; fileRef = CD88AF9E28D46C9200EFCBBB /* MainMenuView.swift */; };
		CD88AFA128D47A7E00EFCBBB /* UIStackView+Extension.swift in Sources */ = {isa = PBXBuildFile; fileRef = CD88AFA028D47A7E00EFCBBB /* UIStackView+Extension.swift */; };
		CD88AFA428D4815000EFCBBB /* SettingsViewController.swift in Sources */ = {isa = PBXBuildFile; fileRef = CD88AFA328D4815000EFCBBB /* SettingsViewController.swift */; };
		CD88AFA628D490DC00EFCBBB /* TableViewCell+Extension.swift in Sources */ = {isa = PBXBuildFile; fileRef = CD88AFA528D490DC00EFCBBB /* TableViewCell+Extension.swift */; };
		CD88AFA928D4920300EFCBBB /* ThemeTableViewCell.swift in Sources */ = {isa = PBXBuildFile; fileRef = CD88AFA828D4920300EFCBBB /* ThemeTableViewCell.swift */; };
		CD88AFAB28D493DE00EFCBBB /* SettingsContent.swift in Sources */ = {isa = PBXBuildFile; fileRef = CD88AFAA28D493DE00EFCBBB /* SettingsContent.swift */; };
		CD88AFAD28D496A800EFCBBB /* MainMenuViewDelegate.swift in Sources */ = {isa = PBXBuildFile; fileRef = CD88AFAC28D496A800EFCBBB /* MainMenuViewDelegate.swift */; };
		CD88AFAF28D497E400EFCBBB /* SettingsViewModel.swift in Sources */ = {isa = PBXBuildFile; fileRef = CD88AFAE28D497E400EFCBBB /* SettingsViewModel.swift */; };
		CD88AFB128D4AE7D00EFCBBB /* ColorContainer.swift in Sources */ = {isa = PBXBuildFile; fileRef = CD88AFB028D4AE7D00EFCBBB /* ColorContainer.swift */; };
		CD88AFB328D83E0700EFCBBB /* AppTheme.swift in Sources */ = {isa = PBXBuildFile; fileRef = CD88AFB228D83E0700EFCBBB /* AppTheme.swift */; };
		CD88AFB528D84D9C00EFCBBB /* MulticolorViewCell.swift in Sources */ = {isa = PBXBuildFile; fileRef = CD88AFB428D84D9C00EFCBBB /* MulticolorViewCell.swift */; };
		CD88AFB728D859E500EFCBBB /* TimerViewCell.swift in Sources */ = {isa = PBXBuildFile; fileRef = CD88AFB628D859E500EFCBBB /* TimerViewCell.swift */; };
		CD88AFB928D8644600EFCBBB /* UsernameViewCell.swift in Sources */ = {isa = PBXBuildFile; fileRef = CD88AFB828D8644600EFCBBB /* UsernameViewCell.swift */; };
		CD88AFBB28D864EF00EFCBBB /* PasswordViewCell.swift in Sources */ = {isa = PBXBuildFile; fileRef = CD88AFBA28D864EF00EFCBBB /* PasswordViewCell.swift */; };
		CD88AFBD28D86ED700EFCBBB /* UIAlertController+Extensions.swift in Sources */ = {isa = PBXBuildFile; fileRef = CD88AFBC28D86ED700EFCBBB /* UIAlertController+Extensions.swift */; };
		CD88AFBF28D8717B00EFCBBB /* AccountChanges.swift in Sources */ = {isa = PBXBuildFile; fileRef = CD88AFBE28D8717B00EFCBBB /* AccountChanges.swift */; };
		CD88AFC228D8744200EFCBBB /* SettingsViewModelDelegate.swift in Sources */ = {isa = PBXBuildFile; fileRef = CD88AFC128D8744200EFCBBB /* SettingsViewModelDelegate.swift */; };
		CD88AFC528D8893800EFCBBB /* SettingsViewControllerDelegate.swift in Sources */ = {isa = PBXBuildFile; fileRef = CD88AFC428D8893800EFCBBB /* SettingsViewControllerDelegate.swift */; };
		CD88AFC728D9781200EFCBBB /* StatsViewController.swift in Sources */ = {isa = PBXBuildFile; fileRef = CD88AFC628D9781200EFCBBB /* StatsViewController.swift */; };
		CD88AFC928D978D200EFCBBB /* StatsViewModel.swift in Sources */ = {isa = PBXBuildFile; fileRef = CD88AFC828D978D200EFCBBB /* StatsViewModel.swift */; };
		CD88AFCE28D9819400EFCBBB /* GamesViewCell.swift in Sources */ = {isa = PBXBuildFile; fileRef = CD88AFCD28D9819400EFCBBB /* GamesViewCell.swift */; };
		CD88AFD128D9858000EFCBBB /* StatCellTopSubview.swift in Sources */ = {isa = PBXBuildFile; fileRef = CD88AFD028D9858000EFCBBB /* StatCellTopSubview.swift */; };
		CD88AFD328D9885E00EFCBBB /* StatCellBottomSubview.swift in Sources */ = {isa = PBXBuildFile; fileRef = CD88AFD228D9885E00EFCBBB /* StatCellBottomSubview.swift */; };
		CD88AFD528D9950700EFCBBB /* UIView+Extensions.swift in Sources */ = {isa = PBXBuildFile; fileRef = CD88AFD428D9950700EFCBBB /* UIView+Extensions.swift */; };
		CD88AFDA28DADE6600EFCBBB /* StatsContent.swift in Sources */ = {isa = PBXBuildFile; fileRef = CD88AFD928DADE6600EFCBBB /* StatsContent.swift */; };
		CD88AFDD28DAEEB600EFCBBB /* Statistics.swift in Sources */ = {isa = PBXBuildFile; fileRef = CD88AFDC28DAEEB600EFCBBB /* Statistics.swift */; };
		CD88AFDF28DAFA5C00EFCBBB /* PairsViewCell.swift in Sources */ = {isa = PBXBuildFile; fileRef = CD88AFDE28DAFA5C00EFCBBB /* PairsViewCell.swift */; };
		CD88AFE228DAFC6D00EFCBBB /* StatCellBottomViewModel.swift in Sources */ = {isa = PBXBuildFile; fileRef = CD88AFE128DAFC6D00EFCBBB /* StatCellBottomViewModel.swift */; };
		CD88AFE528DB073000EFCBBB /* UserContainer.swift in Sources */ = {isa = PBXBuildFile; fileRef = CD88AFE428DB073000EFCBBB /* UserContainer.swift */; };
/* End PBXBuildFile section */

/* Begin PBXFileReference section */
		C9513C54497AD86A08D7E801 /* Pods_project_99.framework */ = {isa = PBXFileReference; explicitFileType = wrapper.framework; includeInIndex = 0; path = Pods_project_99.framework; sourceTree = BUILT_PRODUCTS_DIR; };
		CD88AF5928D2F0B200EFCBBB /* project-99.app */ = {isa = PBXFileReference; explicitFileType = wrapper.application; includeInIndex = 0; path = "project-99.app"; sourceTree = BUILT_PRODUCTS_DIR; };
		CD88AF5C28D2F0B200EFCBBB /* AppDelegate.swift */ = {isa = PBXFileReference; lastKnownFileType = sourcecode.swift; path = AppDelegate.swift; sourceTree = "<group>"; };
		CD88AF5E28D2F0B200EFCBBB /* SceneDelegate.swift */ = {isa = PBXFileReference; lastKnownFileType = sourcecode.swift; path = SceneDelegate.swift; sourceTree = "<group>"; };
		CD88AF6028D2F0B200EFCBBB /* LoginViewController.swift */ = {isa = PBXFileReference; lastKnownFileType = sourcecode.swift; path = LoginViewController.swift; sourceTree = "<group>"; };
		CD88AF6528D2F0B400EFCBBB /* Assets.xcassets */ = {isa = PBXFileReference; lastKnownFileType = folder.assetcatalog; path = Assets.xcassets; sourceTree = "<group>"; };
		CD88AF6828D2F0B400EFCBBB /* Base */ = {isa = PBXFileReference; lastKnownFileType = file.storyboard; name = Base; path = Base.lproj/LaunchScreen.storyboard; sourceTree = "<group>"; };
		CD88AF6A28D2F0B400EFCBBB /* Info.plist */ = {isa = PBXFileReference; lastKnownFileType = text.plist.xml; path = Info.plist; sourceTree = "<group>"; };
		CD88AF7528D306FB00EFCBBB /* User.swift */ = {isa = PBXFileReference; lastKnownFileType = sourcecode.swift; path = User.swift; sourceTree = "<group>"; };
		CD88AF7728D307BA00EFCBBB /* UserSettings.swift */ = {isa = PBXFileReference; lastKnownFileType = sourcecode.swift; path = UserSettings.swift; sourceTree = "<group>"; };
		CD88AF7A28D308EF00EFCBBB /* Theme.swift */ = {isa = PBXFileReference; lastKnownFileType = sourcecode.swift; path = Theme.swift; sourceTree = "<group>"; };
		CD88AF7C28D30BAC00EFCBBB /* UserGamesStats.swift */ = {isa = PBXFileReference; lastKnownFileType = sourcecode.swift; path = UserGamesStats.swift; sourceTree = "<group>"; };
		CD88AF8228D30F9600EFCBBB /* Levels.swift */ = {isa = PBXFileReference; lastKnownFileType = sourcecode.swift; path = Levels.swift; sourceTree = "<group>"; };
		CD88AF8E28D3252D00EFCBBB /* LoginViewModel.swift */ = {isa = PBXFileReference; lastKnownFileType = sourcecode.swift; path = LoginViewModel.swift; sourceTree = "<group>"; };
		CD88AF9028D3254500EFCBBB /* LoginView.swift */ = {isa = PBXFileReference; lastKnownFileType = sourcecode.swift; path = LoginView.swift; sourceTree = "<group>"; };
		CD88AF9328D450D300EFCBBB /* RealmDataService.swift */ = {isa = PBXFileReference; lastKnownFileType = sourcecode.swift; path = RealmDataService.swift; sourceTree = "<group>"; };
		CD88AF9528D4510300EFCBBB /* FileManager+Extension.swift */ = {isa = PBXFileReference; lastKnownFileType = sourcecode.swift; path = "FileManager+Extension.swift"; sourceTree = "<group>"; };
		CD88AF9728D466E500EFCBBB /* MainMenuViewController.swift */ = {isa = PBXFileReference; lastKnownFileType = sourcecode.swift; name = MainMenuViewController.swift; path = "project-99/ViewControllers/MainMenuViewController.swift"; sourceTree = SOURCE_ROOT; };
		CD88AF9928D4677F00EFCBBB /* LoginViewDelegate.swift */ = {isa = PBXFileReference; lastKnownFileType = sourcecode.swift; name = LoginViewDelegate.swift; path = "../New Group/LoginViewDelegate.swift"; sourceTree = "<group>"; };
		CD88AF9C28D46C7A00EFCBBB /* MainMenuViewModel.swift */ = {isa = PBXFileReference; lastKnownFileType = sourcecode.swift; path = MainMenuViewModel.swift; sourceTree = "<group>"; };
		CD88AF9E28D46C9200EFCBBB /* MainMenuView.swift */ = {isa = PBXFileReference; lastKnownFileType = sourcecode.swift; path = MainMenuView.swift; sourceTree = "<group>"; };
		CD88AFA028D47A7E00EFCBBB /* UIStackView+Extension.swift */ = {isa = PBXFileReference; lastKnownFileType = sourcecode.swift; path = "UIStackView+Extension.swift"; sourceTree = "<group>"; };
		CD88AFA328D4815000EFCBBB /* SettingsViewController.swift */ = {isa = PBXFileReference; lastKnownFileType = sourcecode.swift; path = SettingsViewController.swift; sourceTree = "<group>"; };
		CD88AFA528D490DC00EFCBBB /* TableViewCell+Extension.swift */ = {isa = PBXFileReference; lastKnownFileType = sourcecode.swift; path = "TableViewCell+Extension.swift"; sourceTree = "<group>"; };
		CD88AFA828D4920300EFCBBB /* ThemeTableViewCell.swift */ = {isa = PBXFileReference; lastKnownFileType = sourcecode.swift; path = ThemeTableViewCell.swift; sourceTree = "<group>"; };
		CD88AFAA28D493DE00EFCBBB /* SettingsContent.swift */ = {isa = PBXFileReference; lastKnownFileType = sourcecode.swift; path = SettingsContent.swift; sourceTree = "<group>"; };
		CD88AFAC28D496A800EFCBBB /* MainMenuViewDelegate.swift */ = {isa = PBXFileReference; lastKnownFileType = sourcecode.swift; path = MainMenuViewDelegate.swift; sourceTree = "<group>"; };
		CD88AFAE28D497E400EFCBBB /* SettingsViewModel.swift */ = {isa = PBXFileReference; lastKnownFileType = sourcecode.swift; path = SettingsViewModel.swift; sourceTree = "<group>"; };
		CD88AFB028D4AE7D00EFCBBB /* ColorContainer.swift */ = {isa = PBXFileReference; lastKnownFileType = sourcecode.swift; path = ColorContainer.swift; sourceTree = "<group>"; };
		CD88AFB228D83E0700EFCBBB /* AppTheme.swift */ = {isa = PBXFileReference; lastKnownFileType = sourcecode.swift; path = AppTheme.swift; sourceTree = "<group>"; };
		CD88AFB428D84D9C00EFCBBB /* MulticolorViewCell.swift */ = {isa = PBXFileReference; lastKnownFileType = sourcecode.swift; path = MulticolorViewCell.swift; sourceTree = "<group>"; };
		CD88AFB628D859E500EFCBBB /* TimerViewCell.swift */ = {isa = PBXFileReference; lastKnownFileType = sourcecode.swift; path = TimerViewCell.swift; sourceTree = "<group>"; };
		CD88AFB828D8644600EFCBBB /* UsernameViewCell.swift */ = {isa = PBXFileReference; lastKnownFileType = sourcecode.swift; path = UsernameViewCell.swift; sourceTree = "<group>"; };
		CD88AFBA28D864EF00EFCBBB /* PasswordViewCell.swift */ = {isa = PBXFileReference; lastKnownFileType = sourcecode.swift; path = PasswordViewCell.swift; sourceTree = "<group>"; };
		CD88AFBC28D86ED700EFCBBB /* UIAlertController+Extensions.swift */ = {isa = PBXFileReference; lastKnownFileType = sourcecode.swift; path = "UIAlertController+Extensions.swift"; sourceTree = "<group>"; };
		CD88AFBE28D8717B00EFCBBB /* AccountChanges.swift */ = {isa = PBXFileReference; lastKnownFileType = sourcecode.swift; path = AccountChanges.swift; sourceTree = "<group>"; };
		CD88AFC128D8744200EFCBBB /* SettingsViewModelDelegate.swift */ = {isa = PBXFileReference; lastKnownFileType = sourcecode.swift; path = SettingsViewModelDelegate.swift; sourceTree = "<group>"; };
		CD88AFC428D8893800EFCBBB /* SettingsViewControllerDelegate.swift */ = {isa = PBXFileReference; lastKnownFileType = sourcecode.swift; path = SettingsViewControllerDelegate.swift; sourceTree = "<group>"; };
		CD88AFC628D9781200EFCBBB /* StatsViewController.swift */ = {isa = PBXFileReference; lastKnownFileType = sourcecode.swift; path = StatsViewController.swift; sourceTree = "<group>"; };
		CD88AFC828D978D200EFCBBB /* StatsViewModel.swift */ = {isa = PBXFileReference; lastKnownFileType = sourcecode.swift; path = StatsViewModel.swift; sourceTree = "<group>"; };
		CD88AFCD28D9819400EFCBBB /* GamesViewCell.swift */ = {isa = PBXFileReference; lastKnownFileType = sourcecode.swift; path = GamesViewCell.swift; sourceTree = "<group>"; };
		CD88AFD028D9858000EFCBBB /* StatCellTopSubview.swift */ = {isa = PBXFileReference; lastKnownFileType = sourcecode.swift; path = StatCellTopSubview.swift; sourceTree = "<group>"; };
		CD88AFD228D9885E00EFCBBB /* StatCellBottomSubview.swift */ = {isa = PBXFileReference; lastKnownFileType = sourcecode.swift; path = StatCellBottomSubview.swift; sourceTree = "<group>"; };
		CD88AFD428D9950700EFCBBB /* UIView+Extensions.swift */ = {isa = PBXFileReference; lastKnownFileType = sourcecode.swift; path = "UIView+Extensions.swift"; sourceTree = "<group>"; };
		CD88AFD928DADE6600EFCBBB /* StatsContent.swift */ = {isa = PBXFileReference; lastKnownFileType = sourcecode.swift; path = StatsContent.swift; sourceTree = "<group>"; };
		CD88AFDC28DAEEB600EFCBBB /* Statistics.swift */ = {isa = PBXFileReference; lastKnownFileType = sourcecode.swift; path = Statistics.swift; sourceTree = "<group>"; };
		CD88AFDE28DAFA5C00EFCBBB /* PairsViewCell.swift */ = {isa = PBXFileReference; lastKnownFileType = sourcecode.swift; path = PairsViewCell.swift; sourceTree = "<group>"; };
		CD88AFE128DAFC6D00EFCBBB /* StatCellBottomViewModel.swift */ = {isa = PBXFileReference; lastKnownFileType = sourcecode.swift; path = StatCellBottomViewModel.swift; sourceTree = "<group>"; };
		CD88AFE428DB073000EFCBBB /* UserContainer.swift */ = {isa = PBXFileReference; lastKnownFileType = sourcecode.swift; path = UserContainer.swift; sourceTree = "<group>"; };
		E9ED53374000A43727DB32F3 /* Pods-project-99.release.xcconfig */ = {isa = PBXFileReference; includeInIndex = 1; lastKnownFileType = text.xcconfig; name = "Pods-project-99.release.xcconfig"; path = "Target Support Files/Pods-project-99/Pods-project-99.release.xcconfig"; sourceTree = "<group>"; };
		EE006DE768882589EA85F5B5 /* Pods-project-99.debug.xcconfig */ = {isa = PBXFileReference; includeInIndex = 1; lastKnownFileType = text.xcconfig; name = "Pods-project-99.debug.xcconfig"; path = "Target Support Files/Pods-project-99/Pods-project-99.debug.xcconfig"; sourceTree = "<group>"; };
/* End PBXFileReference section */

/* Begin PBXFrameworksBuildPhase section */
		CD88AF5628D2F0B200EFCBBB /* Frameworks */ = {
			isa = PBXFrameworksBuildPhase;
			buildActionMask = 2147483647;
			files = (
				5116A7E557C2E736DFDA53F0 /* Pods_project_99.framework in Frameworks */,
			);
			runOnlyForDeploymentPostprocessing = 0;
		};
/* End PBXFrameworksBuildPhase section */

/* Begin PBXGroup section */
		B4209A8B582402D603D1DC62 /* Pods */ = {
			isa = PBXGroup;
			children = (
				EE006DE768882589EA85F5B5 /* Pods-project-99.debug.xcconfig */,
				E9ED53374000A43727DB32F3 /* Pods-project-99.release.xcconfig */,
			);
			path = Pods;
			sourceTree = "<group>";
		};
		CD88AF5028D2F0B200EFCBBB = {
			isa = PBXGroup;
			children = (
				CD88AF5B28D2F0B200EFCBBB /* project-99 */,
				CD88AF5A28D2F0B200EFCBBB /* Products */,
				B4209A8B582402D603D1DC62 /* Pods */,
				EB75619A2A5DAE8CA72D994E /* Frameworks */,
			);
			sourceTree = "<group>";
		};
		CD88AF5A28D2F0B200EFCBBB /* Products */ = {
			isa = PBXGroup;
			children = (
				CD88AF5928D2F0B200EFCBBB /* project-99.app */,
			);
			name = Products;
			sourceTree = "<group>";
		};
		CD88AF5B28D2F0B200EFCBBB /* project-99 */ = {
			isa = PBXGroup;
			children = (
				CD88AFE328DB072200EFCBBB /* Containers */,
				CD88AFA228D47A8600EFCBBB /* Middleware */,
				CD88AF9228D450C300EFCBBB /* Services */,
				CD88AF8928D316C000EFCBBB /* Utils */,
				CD88AF7928D308DD00EFCBBB /* Enums */,
				CD88AF7428D306E500EFCBBB /* Views */,
				CD88AF7328D306DE00EFCBBB /* ViewModels */,
				CD88AF7228D306D500EFCBBB /* ViewControllers */,
				CD88AF7128D306CA00EFCBBB /* Models */,
				CD88AF5C28D2F0B200EFCBBB /* AppDelegate.swift */,
				CD88AF5E28D2F0B200EFCBBB /* SceneDelegate.swift */,
				CD88AF6528D2F0B400EFCBBB /* Assets.xcassets */,
				CD88AF6728D2F0B400EFCBBB /* LaunchScreen.storyboard */,
				CD88AF6A28D2F0B400EFCBBB /* Info.plist */,
			);
			path = "project-99";
			sourceTree = "<group>";
		};
		CD88AF7128D306CA00EFCBBB /* Models */ = {
			isa = PBXGroup;
			children = (
				CD88AFDB28DAEE9400EFCBBB /* Stats */,
				CD88AF7528D306FB00EFCBBB /* User.swift */,
				CD88AF7728D307BA00EFCBBB /* UserSettings.swift */,
				CD88AF7C28D30BAC00EFCBBB /* UserGamesStats.swift */,
				CD88AFB228D83E0700EFCBBB /* AppTheme.swift */,
			);
			path = Models;
			sourceTree = "<group>";
		};
		CD88AF7228D306D500EFCBBB /* ViewControllers */ = {
			isa = PBXGroup;
			children = (
				CD88AFC328D8892100EFCBBB /* Delegates */,
				CD88AF9728D466E500EFCBBB /* MainMenuViewController.swift */,
				CD88AF6028D2F0B200EFCBBB /* LoginViewController.swift */,
				CD88AFA328D4815000EFCBBB /* SettingsViewController.swift */,
				CD88AFC628D9781200EFCBBB /* StatsViewController.swift */,
			);
			path = ViewControllers;
			sourceTree = "<group>";
		};
		CD88AF7328D306DE00EFCBBB /* ViewModels */ = {
			isa = PBXGroup;
			children = (
				CD88AFE028DAFC4400EFCBBB /* StatsCellsViewModels */,
				CD88AFC028D8742E00EFCBBB /* Delegates */,
				CD88AF8E28D3252D00EFCBBB /* LoginViewModel.swift */,
				CD88AF9C28D46C7A00EFCBBB /* MainMenuViewModel.swift */,
				CD88AFAE28D497E400EFCBBB /* SettingsViewModel.swift */,
				CD88AFC828D978D200EFCBBB /* StatsViewModel.swift */,
			);
			path = ViewModels;
			sourceTree = "<group>";
		};
		CD88AF7428D306E500EFCBBB /* Views */ = {
			isa = PBXGroup;
			children = (
				CD88AFCC28D9814D00EFCBBB /* StatsViewCells */,
				CD88AFA728D491E100EFCBBB /* SettingsViewCells */,
				CD88AF9B28D467FB00EFCBBB /* Delegates */,
				CD88AF9028D3254500EFCBBB /* LoginView.swift */,
				CD88AF9E28D46C9200EFCBBB /* MainMenuView.swift */,
			);
			path = Views;
			sourceTree = "<group>";
		};
		CD88AF7928D308DD00EFCBBB /* Enums */ = {
			isa = PBXGroup;
			children = (
				CD88AF7A28D308EF00EFCBBB /* Theme.swift */,
				CD88AF8228D30F9600EFCBBB /* Levels.swift */,
				CD88AFAA28D493DE00EFCBBB /* SettingsContent.swift */,
				CD88AFBE28D8717B00EFCBBB /* AccountChanges.swift */,
				CD88AFD928DADE6600EFCBBB /* StatsContent.swift */,
			);
			path = Enums;
			sourceTree = "<group>";
		};
		CD88AF8928D316C000EFCBBB /* Utils */ = {
			isa = PBXGroup;
			children = (
				CD88AF9528D4510300EFCBBB /* FileManager+Extension.swift */,
				CD88AFB028D4AE7D00EFCBBB /* ColorContainer.swift */,
			);
			path = Utils;
			sourceTree = "<group>";
		};
		CD88AF9228D450C300EFCBBB /* Services */ = {
			isa = PBXGroup;
			children = (
				CD88AF9328D450D300EFCBBB /* RealmDataService.swift */,
			);
			path = Services;
			sourceTree = "<group>";
		};
		CD88AF9B28D467FB00EFCBBB /* Delegates */ = {
			isa = PBXGroup;
			children = (
				CD88AF9928D4677F00EFCBBB /* LoginViewDelegate.swift */,
				CD88AFAC28D496A800EFCBBB /* MainMenuViewDelegate.swift */,
			);
			path = Delegates;
			sourceTree = "<group>";
		};
		CD88AFA228D47A8600EFCBBB /* Middleware */ = {
			isa = PBXGroup;
			children = (
				CD88AFA028D47A7E00EFCBBB /* UIStackView+Extension.swift */,
				CD88AFA528D490DC00EFCBBB /* TableViewCell+Extension.swift */,
				CD88AFBC28D86ED700EFCBBB /* UIAlertController+Extensions.swift */,
				CD88AFD428D9950700EFCBBB /* UIView+Extensions.swift */,
			);
			path = Middleware;
			sourceTree = "<group>";
		};
		CD88AFA728D491E100EFCBBB /* SettingsViewCells */ = {
			isa = PBXGroup;
			children = (
				CD88AFA828D4920300EFCBBB /* ThemeTableViewCell.swift */,
				CD88AFBA28D864EF00EFCBBB /* PasswordViewCell.swift */,
				CD88AFB428D84D9C00EFCBBB /* MulticolorViewCell.swift */,
				CD88AFB628D859E500EFCBBB /* TimerViewCell.swift */,
				CD88AFB828D8644600EFCBBB /* UsernameViewCell.swift */,
			);
			path = SettingsViewCells;
			sourceTree = "<group>";
		};
		CD88AFC028D8742E00EFCBBB /* Delegates */ = {
			isa = PBXGroup;
			children = (
				CD88AFC128D8744200EFCBBB /* SettingsViewModelDelegate.swift */,
			);
			path = Delegates;
			sourceTree = "<group>";
		};
		CD88AFC328D8892100EFCBBB /* Delegates */ = {
			isa = PBXGroup;
			children = (
				CD88AFC428D8893800EFCBBB /* SettingsViewControllerDelegate.swift */,
			);
			path = Delegates;
			sourceTree = "<group>";
		};
		CD88AFCC28D9814D00EFCBBB /* StatsViewCells */ = {
			isa = PBXGroup;
			children = (
				CD88AFCF28D9854900EFCBBB /* CellViews */,
				CD88AFCD28D9819400EFCBBB /* GamesViewCell.swift */,
				CD88AFDE28DAFA5C00EFCBBB /* PairsViewCell.swift */,
			);
			path = StatsViewCells;
			sourceTree = "<group>";
		};
		CD88AFCF28D9854900EFCBBB /* CellViews */ = {
			isa = PBXGroup;
			children = (
				CD88AFD028D9858000EFCBBB /* StatCellTopSubview.swift */,
				CD88AFD228D9885E00EFCBBB /* StatCellBottomSubview.swift */,
			);
			path = CellViews;
			sourceTree = "<group>";
		};
		CD88AFDB28DAEE9400EFCBBB /* Stats */ = {
			isa = PBXGroup;
			children = (
				CD88AFDC28DAEEB600EFCBBB /* Statistics.swift */,
			);
			path = Stats;
			sourceTree = "<group>";
		};
		CD88AFE028DAFC4400EFCBBB /* StatsCellsViewModels */ = {
			isa = PBXGroup;
			children = (
				CD88AFE128DAFC6D00EFCBBB /* StatCellBottomViewModel.swift */,
			);
			path = StatsCellsViewModels;
			sourceTree = "<group>";
		};
		CD88AFE328DB072200EFCBBB /* Containers */ = {
			isa = PBXGroup;
			children = (
				CD88AFE428DB073000EFCBBB /* UserContainer.swift */,
			);
			path = Containers;
			sourceTree = "<group>";
		};
		EB75619A2A5DAE8CA72D994E /* Frameworks */ = {
			isa = PBXGroup;
			children = (
				C9513C54497AD86A08D7E801 /* Pods_project_99.framework */,
			);
			name = Frameworks;
			sourceTree = "<group>";
		};
/* End PBXGroup section */

/* Begin PBXNativeTarget section */
		CD88AF5828D2F0B200EFCBBB /* project-99 */ = {
			isa = PBXNativeTarget;
			buildConfigurationList = CD88AF6D28D2F0B400EFCBBB /* Build configuration list for PBXNativeTarget "project-99" */;
			buildPhases = (
				6F5F820C39DC7DE06631DD51 /* [CP] Check Pods Manifest.lock */,
				CD88AF5528D2F0B200EFCBBB /* Sources */,
				CD88AF5628D2F0B200EFCBBB /* Frameworks */,
				CD88AF5728D2F0B200EFCBBB /* Resources */,
				CD88AF7028D2F30800EFCBBB /* Lint Source */,
				A5941F71422B7EC970084AC8 /* [CP] Embed Pods Frameworks */,
			);
			buildRules = (
			);
			dependencies = (
			);
			name = "project-99";
			productName = "project-99";
			productReference = CD88AF5928D2F0B200EFCBBB /* project-99.app */;
			productType = "com.apple.product-type.application";
		};
/* End PBXNativeTarget section */

/* Begin PBXProject section */
		CD88AF5128D2F0B200EFCBBB /* Project object */ = {
			isa = PBXProject;
			attributes = {
				BuildIndependentTargetsInParallel = 1;
				LastSwiftUpdateCheck = 1330;
				LastUpgradeCheck = 1330;
				TargetAttributes = {
					CD88AF5828D2F0B200EFCBBB = {
						CreatedOnToolsVersion = 13.3.1;
					};
				};
			};
			buildConfigurationList = CD88AF5428D2F0B200EFCBBB /* Build configuration list for PBXProject "project-99" */;
			compatibilityVersion = "Xcode 13.0";
			developmentRegion = en;
			hasScannedForEncodings = 0;
			knownRegions = (
				en,
				Base,
			);
			mainGroup = CD88AF5028D2F0B200EFCBBB;
			productRefGroup = CD88AF5A28D2F0B200EFCBBB /* Products */;
			projectDirPath = "";
			projectRoot = "";
			targets = (
				CD88AF5828D2F0B200EFCBBB /* project-99 */,
			);
		};
/* End PBXProject section */

/* Begin PBXResourcesBuildPhase section */
		CD88AF5728D2F0B200EFCBBB /* Resources */ = {
			isa = PBXResourcesBuildPhase;
			buildActionMask = 2147483647;
			files = (
				CD88AF6928D2F0B400EFCBBB /* LaunchScreen.storyboard in Resources */,
				CD88AF6628D2F0B400EFCBBB /* Assets.xcassets in Resources */,
			);
			runOnlyForDeploymentPostprocessing = 0;
		};
/* End PBXResourcesBuildPhase section */

/* Begin PBXShellScriptBuildPhase section */
		6F5F820C39DC7DE06631DD51 /* [CP] Check Pods Manifest.lock */ = {
			isa = PBXShellScriptBuildPhase;
			buildActionMask = 2147483647;
			files = (
			);
			inputFileListPaths = (
			);
			inputPaths = (
				"${PODS_PODFILE_DIR_PATH}/Podfile.lock",
				"${PODS_ROOT}/Manifest.lock",
			);
			name = "[CP] Check Pods Manifest.lock";
			outputFileListPaths = (
			);
			outputPaths = (
				"$(DERIVED_FILE_DIR)/Pods-project-99-checkManifestLockResult.txt",
			);
			runOnlyForDeploymentPostprocessing = 0;
			shellPath = /bin/sh;
			shellScript = "diff \"${PODS_PODFILE_DIR_PATH}/Podfile.lock\" \"${PODS_ROOT}/Manifest.lock\" > /dev/null\nif [ $? != 0 ] ; then\n    # print error to STDERR\n    echo \"error: The sandbox is not in sync with the Podfile.lock. Run 'pod install' or update your CocoaPods installation.\" >&2\n    exit 1\nfi\n# This output is used by Xcode 'outputs' to avoid re-running this script phase.\necho \"SUCCESS\" > \"${SCRIPT_OUTPUT_FILE_0}\"\n";
			showEnvVarsInLog = 0;
		};
		A5941F71422B7EC970084AC8 /* [CP] Embed Pods Frameworks */ = {
			isa = PBXShellScriptBuildPhase;
			buildActionMask = 2147483647;
			files = (
			);
			inputFileListPaths = (
				"${PODS_ROOT}/Target Support Files/Pods-project-99/Pods-project-99-frameworks-${CONFIGURATION}-input-files.xcfilelist",
			);
			name = "[CP] Embed Pods Frameworks";
			outputFileListPaths = (
				"${PODS_ROOT}/Target Support Files/Pods-project-99/Pods-project-99-frameworks-${CONFIGURATION}-output-files.xcfilelist",
			);
			runOnlyForDeploymentPostprocessing = 0;
			shellPath = /bin/sh;
			shellScript = "\"${PODS_ROOT}/Target Support Files/Pods-project-99/Pods-project-99-frameworks.sh\"\n";
			showEnvVarsInLog = 0;
		};
		CD88AF7028D2F30800EFCBBB /* Lint Source */ = {
			isa = PBXShellScriptBuildPhase;
			buildActionMask = 2147483647;
			files = (
			);
			inputFileListPaths = (
			);
			inputPaths = (
			);
			name = "Lint Source";
			outputFileListPaths = (
			);
			outputPaths = (
			);
			runOnlyForDeploymentPostprocessing = 0;
			shellPath = /bin/sh;
			shellScript = "if which swiftlint >/dev/null; then\n    swiftlint lint\nelse\n   echo \"warning: SwiftLint not installed\"\nfi \n";
		};
/* End PBXShellScriptBuildPhase section */

/* Begin PBXSourcesBuildPhase section */
		CD88AF5528D2F0B200EFCBBB /* Sources */ = {
			isa = PBXSourcesBuildPhase;
			buildActionMask = 2147483647;
			files = (
				CD88AFE528DB073000EFCBBB /* UserContainer.swift in Sources */,
				CD88AFC928D978D200EFCBBB /* StatsViewModel.swift in Sources */,
				CD88AFB928D8644600EFCBBB /* UsernameViewCell.swift in Sources */,
				CD88AFDF28DAFA5C00EFCBBB /* PairsViewCell.swift in Sources */,
				CD88AFD328D9885E00EFCBBB /* StatCellBottomSubview.swift in Sources */,
				CD88AF8328D30F9600EFCBBB /* Levels.swift in Sources */,
				CD88AFB128D4AE7D00EFCBBB /* ColorContainer.swift in Sources */,
				CD88AFAF28D497E400EFCBBB /* SettingsViewModel.swift in Sources */,
				CD88AF7628D306FB00EFCBBB /* User.swift in Sources */,
				CD88AF9F28D46C9200EFCBBB /* MainMenuView.swift in Sources */,
				CD88AF9D28D46C7A00EFCBBB /* MainMenuViewModel.swift in Sources */,
				CD88AFBB28D864EF00EFCBBB /* PasswordViewCell.swift in Sources */,
				CD88AFB728D859E500EFCBBB /* TimerViewCell.swift in Sources */,
				CD88AF6128D2F0B200EFCBBB /* LoginViewController.swift in Sources */,
				CD88AFBD28D86ED700EFCBBB /* UIAlertController+Extensions.swift in Sources */,
				CD88AFAD28D496A800EFCBBB /* MainMenuViewDelegate.swift in Sources */,
				CD88AF5D28D2F0B200EFCBBB /* AppDelegate.swift in Sources */,
				CD88AF7B28D308EF00EFCBBB /* Theme.swift in Sources */,
				CD88AFA128D47A7E00EFCBBB /* UIStackView+Extension.swift in Sources */,
				CD88AF9628D4510300EFCBBB /* FileManager+Extension.swift in Sources */,
				CD88AFD528D9950700EFCBBB /* UIView+Extensions.swift in Sources */,
				CD88AFD128D9858000EFCBBB /* StatCellTopSubview.swift in Sources */,
				CD88AF7828D307BA00EFCBBB /* UserSettings.swift in Sources */,
				CD88AFCE28D9819400EFCBBB /* GamesViewCell.swift in Sources */,
				CD88AF5F28D2F0B200EFCBBB /* SceneDelegate.swift in Sources */,
				CD88AFDA28DADE6600EFCBBB /* StatsContent.swift in Sources */,
				CD88AFC228D8744200EFCBBB /* SettingsViewModelDelegate.swift in Sources */,
				CD88AF7D28D30BAC00EFCBBB /* UserGamesStats.swift in Sources */,
				CD88AFBF28D8717B00EFCBBB /* AccountChanges.swift in Sources */,
				CD88AF9828D466E500EFCBBB /* MainMenuViewController.swift in Sources */,
				CD88AFE228DAFC6D00EFCBBB /* StatCellBottomViewModel.swift in Sources */,
				CD88AFA928D4920300EFCBBB /* ThemeTableViewCell.swift in Sources */,
				CD88AFA628D490DC00EFCBBB /* TableViewCell+Extension.swift in Sources */,
				CD88AFC528D8893800EFCBBB /* SettingsViewControllerDelegate.swift in Sources */,
				CD88AF9128D3254500EFCBBB /* LoginView.swift in Sources */,
				CD88AFB328D83E0700EFCBBB /* AppTheme.swift in Sources */,
				CD88AF9428D450D300EFCBBB /* RealmDataService.swift in Sources */,
				CD88AFC728D9781200EFCBBB /* StatsViewController.swift in Sources */,
				CD88AFDD28DAEEB600EFCBBB /* Statistics.swift in Sources */,
				CD88AF8F28D3252D00EFCBBB /* LoginViewModel.swift in Sources */,
				CD88AFB528D84D9C00EFCBBB /* MulticolorViewCell.swift in Sources */,
				CD88AFAB28D493DE00EFCBBB /* SettingsContent.swift in Sources */,
				CD88AF9A28D4677F00EFCBBB /* LoginViewDelegate.swift in Sources */,
				CD88AFA428D4815000EFCBBB /* SettingsViewController.swift in Sources */,
			);
			runOnlyForDeploymentPostprocessing = 0;
		};
/* End PBXSourcesBuildPhase section */

/* Begin PBXVariantGroup section */
		CD88AF6728D2F0B400EFCBBB /* LaunchScreen.storyboard */ = {
			isa = PBXVariantGroup;
			children = (
				CD88AF6828D2F0B400EFCBBB /* Base */,
			);
			name = LaunchScreen.storyboard;
			sourceTree = "<group>";
		};
/* End PBXVariantGroup section */

/* Begin XCBuildConfiguration section */
		CD88AF6B28D2F0B400EFCBBB /* Debug */ = {
			isa = XCBuildConfiguration;
			buildSettings = {
				ALWAYS_SEARCH_USER_PATHS = NO;
				CLANG_ANALYZER_NONNULL = YES;
				CLANG_ANALYZER_NUMBER_OBJECT_CONVERSION = YES_AGGRESSIVE;
				CLANG_CXX_LANGUAGE_STANDARD = "gnu++17";
				CLANG_ENABLE_MODULES = YES;
				CLANG_ENABLE_OBJC_ARC = YES;
				CLANG_ENABLE_OBJC_WEAK = YES;
				CLANG_WARN_BLOCK_CAPTURE_AUTORELEASING = YES;
				CLANG_WARN_BOOL_CONVERSION = YES;
				CLANG_WARN_COMMA = YES;
				CLANG_WARN_CONSTANT_CONVERSION = YES;
				CLANG_WARN_DEPRECATED_OBJC_IMPLEMENTATIONS = YES;
				CLANG_WARN_DIRECT_OBJC_ISA_USAGE = YES_ERROR;
				CLANG_WARN_DOCUMENTATION_COMMENTS = YES;
				CLANG_WARN_EMPTY_BODY = YES;
				CLANG_WARN_ENUM_CONVERSION = YES;
				CLANG_WARN_INFINITE_RECURSION = YES;
				CLANG_WARN_INT_CONVERSION = YES;
				CLANG_WARN_NON_LITERAL_NULL_CONVERSION = YES;
				CLANG_WARN_OBJC_IMPLICIT_RETAIN_SELF = YES;
				CLANG_WARN_OBJC_LITERAL_CONVERSION = YES;
				CLANG_WARN_OBJC_ROOT_CLASS = YES_ERROR;
				CLANG_WARN_QUOTED_INCLUDE_IN_FRAMEWORK_HEADER = YES;
				CLANG_WARN_RANGE_LOOP_ANALYSIS = YES;
				CLANG_WARN_STRICT_PROTOTYPES = YES;
				CLANG_WARN_SUSPICIOUS_MOVE = YES;
				CLANG_WARN_UNGUARDED_AVAILABILITY = YES_AGGRESSIVE;
				CLANG_WARN_UNREACHABLE_CODE = YES;
				CLANG_WARN__DUPLICATE_METHOD_MATCH = YES;
				COPY_PHASE_STRIP = NO;
				DEBUG_INFORMATION_FORMAT = dwarf;
				ENABLE_STRICT_OBJC_MSGSEND = YES;
				ENABLE_TESTABILITY = YES;
				GCC_C_LANGUAGE_STANDARD = gnu11;
				GCC_DYNAMIC_NO_PIC = NO;
				GCC_NO_COMMON_BLOCKS = YES;
				GCC_OPTIMIZATION_LEVEL = 0;
				GCC_PREPROCESSOR_DEFINITIONS = (
					"DEBUG=1",
					"$(inherited)",
				);
				GCC_WARN_64_TO_32_BIT_CONVERSION = YES;
				GCC_WARN_ABOUT_RETURN_TYPE = YES_ERROR;
				GCC_WARN_UNDECLARED_SELECTOR = YES;
				GCC_WARN_UNINITIALIZED_AUTOS = YES_AGGRESSIVE;
				GCC_WARN_UNUSED_FUNCTION = YES;
				GCC_WARN_UNUSED_VARIABLE = YES;
				IPHONEOS_DEPLOYMENT_TARGET = 15.4;
				MTL_ENABLE_DEBUG_INFO = INCLUDE_SOURCE;
				MTL_FAST_MATH = YES;
				ONLY_ACTIVE_ARCH = YES;
				SDKROOT = iphoneos;
				SWIFT_ACTIVE_COMPILATION_CONDITIONS = DEBUG;
				SWIFT_OPTIMIZATION_LEVEL = "-Onone";
			};
			name = Debug;
		};
		CD88AF6C28D2F0B400EFCBBB /* Release */ = {
			isa = XCBuildConfiguration;
			buildSettings = {
				ALWAYS_SEARCH_USER_PATHS = NO;
				CLANG_ANALYZER_NONNULL = YES;
				CLANG_ANALYZER_NUMBER_OBJECT_CONVERSION = YES_AGGRESSIVE;
				CLANG_CXX_LANGUAGE_STANDARD = "gnu++17";
				CLANG_ENABLE_MODULES = YES;
				CLANG_ENABLE_OBJC_ARC = YES;
				CLANG_ENABLE_OBJC_WEAK = YES;
				CLANG_WARN_BLOCK_CAPTURE_AUTORELEASING = YES;
				CLANG_WARN_BOOL_CONVERSION = YES;
				CLANG_WARN_COMMA = YES;
				CLANG_WARN_CONSTANT_CONVERSION = YES;
				CLANG_WARN_DEPRECATED_OBJC_IMPLEMENTATIONS = YES;
				CLANG_WARN_DIRECT_OBJC_ISA_USAGE = YES_ERROR;
				CLANG_WARN_DOCUMENTATION_COMMENTS = YES;
				CLANG_WARN_EMPTY_BODY = YES;
				CLANG_WARN_ENUM_CONVERSION = YES;
				CLANG_WARN_INFINITE_RECURSION = YES;
				CLANG_WARN_INT_CONVERSION = YES;
				CLANG_WARN_NON_LITERAL_NULL_CONVERSION = YES;
				CLANG_WARN_OBJC_IMPLICIT_RETAIN_SELF = YES;
				CLANG_WARN_OBJC_LITERAL_CONVERSION = YES;
				CLANG_WARN_OBJC_ROOT_CLASS = YES_ERROR;
				CLANG_WARN_QUOTED_INCLUDE_IN_FRAMEWORK_HEADER = YES;
				CLANG_WARN_RANGE_LOOP_ANALYSIS = YES;
				CLANG_WARN_STRICT_PROTOTYPES = YES;
				CLANG_WARN_SUSPICIOUS_MOVE = YES;
				CLANG_WARN_UNGUARDED_AVAILABILITY = YES_AGGRESSIVE;
				CLANG_WARN_UNREACHABLE_CODE = YES;
				CLANG_WARN__DUPLICATE_METHOD_MATCH = YES;
				COPY_PHASE_STRIP = NO;
				DEBUG_INFORMATION_FORMAT = "dwarf-with-dsym";
				ENABLE_NS_ASSERTIONS = NO;
				ENABLE_STRICT_OBJC_MSGSEND = YES;
				GCC_C_LANGUAGE_STANDARD = gnu11;
				GCC_NO_COMMON_BLOCKS = YES;
				GCC_WARN_64_TO_32_BIT_CONVERSION = YES;
				GCC_WARN_ABOUT_RETURN_TYPE = YES_ERROR;
				GCC_WARN_UNDECLARED_SELECTOR = YES;
				GCC_WARN_UNINITIALIZED_AUTOS = YES_AGGRESSIVE;
				GCC_WARN_UNUSED_FUNCTION = YES;
				GCC_WARN_UNUSED_VARIABLE = YES;
				IPHONEOS_DEPLOYMENT_TARGET = 15.4;
				MTL_ENABLE_DEBUG_INFO = NO;
				MTL_FAST_MATH = YES;
				SDKROOT = iphoneos;
				SWIFT_COMPILATION_MODE = wholemodule;
				SWIFT_OPTIMIZATION_LEVEL = "-O";
				VALIDATE_PRODUCT = YES;
			};
			name = Release;
		};
		CD88AF6E28D2F0B400EFCBBB /* Debug */ = {
			isa = XCBuildConfiguration;
			baseConfigurationReference = EE006DE768882589EA85F5B5 /* Pods-project-99.debug.xcconfig */;
			buildSettings = {
				ASSETCATALOG_COMPILER_APPICON_NAME = AppIcon;
				ASSETCATALOG_COMPILER_GLOBAL_ACCENT_COLOR_NAME = AccentColor;
				CODE_SIGN_STYLE = Automatic;
				CURRENT_PROJECT_VERSION = 1;
				DEVELOPMENT_TEAM = Y2ZMF37QVQ;
				GENERATE_INFOPLIST_FILE = YES;
				INFOPLIST_FILE = "project-99/Info.plist";
				INFOPLIST_KEY_UIApplicationSupportsIndirectInputEvents = YES;
				INFOPLIST_KEY_UILaunchStoryboardName = LaunchScreen;
				INFOPLIST_KEY_UISupportedInterfaceOrientations_iPad = "UIInterfaceOrientationPortrait UIInterfaceOrientationPortraitUpsideDown UIInterfaceOrientationLandscapeLeft UIInterfaceOrientationLandscapeRight";
				INFOPLIST_KEY_UISupportedInterfaceOrientations_iPhone = "UIInterfaceOrientationPortrait UIInterfaceOrientationLandscapeLeft UIInterfaceOrientationLandscapeRight";
				LD_RUNPATH_SEARCH_PATHS = (
					"$(inherited)",
					"@executable_path/Frameworks",
				);
				MARKETING_VERSION = 1.0;
				PRODUCT_BUNDLE_IDENTIFIER = "com.myorganization.project-99";
				PRODUCT_NAME = "$(TARGET_NAME)";
				SWIFT_EMIT_LOC_STRINGS = YES;
				SWIFT_VERSION = 5.0;
				TARGETED_DEVICE_FAMILY = "1,2";
			};
			name = Debug;
		};
		CD88AF6F28D2F0B400EFCBBB /* Release */ = {
			isa = XCBuildConfiguration;
			baseConfigurationReference = E9ED53374000A43727DB32F3 /* Pods-project-99.release.xcconfig */;
			buildSettings = {
				ASSETCATALOG_COMPILER_APPICON_NAME = AppIcon;
				ASSETCATALOG_COMPILER_GLOBAL_ACCENT_COLOR_NAME = AccentColor;
				CODE_SIGN_STYLE = Automatic;
				CURRENT_PROJECT_VERSION = 1;
				DEVELOPMENT_TEAM = Y2ZMF37QVQ;
				GENERATE_INFOPLIST_FILE = YES;
				INFOPLIST_FILE = "project-99/Info.plist";
				INFOPLIST_KEY_UIApplicationSupportsIndirectInputEvents = YES;
				INFOPLIST_KEY_UILaunchStoryboardName = LaunchScreen;
				INFOPLIST_KEY_UISupportedInterfaceOrientations_iPad = "UIInterfaceOrientationPortrait UIInterfaceOrientationPortraitUpsideDown UIInterfaceOrientationLandscapeLeft UIInterfaceOrientationLandscapeRight";
				INFOPLIST_KEY_UISupportedInterfaceOrientations_iPhone = "UIInterfaceOrientationPortrait UIInterfaceOrientationLandscapeLeft UIInterfaceOrientationLandscapeRight";
				LD_RUNPATH_SEARCH_PATHS = (
					"$(inherited)",
					"@executable_path/Frameworks",
				);
				MARKETING_VERSION = 1.0;
				PRODUCT_BUNDLE_IDENTIFIER = "com.myorganization.project-99";
				PRODUCT_NAME = "$(TARGET_NAME)";
				SWIFT_EMIT_LOC_STRINGS = YES;
				SWIFT_VERSION = 5.0;
				TARGETED_DEVICE_FAMILY = "1,2";
			};
			name = Release;
		};
/* End XCBuildConfiguration section */

/* Begin XCConfigurationList section */
		CD88AF5428D2F0B200EFCBBB /* Build configuration list for PBXProject "project-99" */ = {
			isa = XCConfigurationList;
			buildConfigurations = (
				CD88AF6B28D2F0B400EFCBBB /* Debug */,
				CD88AF6C28D2F0B400EFCBBB /* Release */,
			);
			defaultConfigurationIsVisible = 0;
			defaultConfigurationName = Release;
		};
		CD88AF6D28D2F0B400EFCBBB /* Build configuration list for PBXNativeTarget "project-99" */ = {
			isa = XCConfigurationList;
			buildConfigurations = (
				CD88AF6E28D2F0B400EFCBBB /* Debug */,
				CD88AF6F28D2F0B400EFCBBB /* Release */,
			);
			defaultConfigurationIsVisible = 0;
			defaultConfigurationName = Release;
		};
/* End XCConfigurationList section */
	};
	rootObject = CD88AF5128D2F0B200EFCBBB /* Project object */;
}
